{
  "name": "renovate-github-issue-link",
  "version": "1.0.0",
  "lockfileVersion": 2,
  "requires": true,
  "packages": {
    "": {
      "name": "renovate-github-issue-link",
      "version": "1.0.0",
      "license": "MIT",
      "dependencies": {
        "gitlab-ci-env": "6.3.0"
      }
    },
    "node_modules/gitlab-ci-env": {
      "version": "6.3.0",
      "resolved": "https://registry.npmjs.org/gitlab-ci-env/-/gitlab-ci-env-6.3.0.tgz",
      "integrity": "sha512-lFmkIoOcO+CbASSSsF/TPg3UNKbMPjT4WasDnTN5B4BUd36Y+x8mdNX0dxEHb6TUHNK1KFgDPOs/8hQOhpedxQ==",
      "engines": {
        "node": "^14.15.0 || ^16.13.0 || >=18.0.0"
      }
    }
  },
  "dependencies": {
    "gitlab-ci-env": {
      "version": "6.3.0",
      "resolved": "https://registry.npmjs.org/gitlab-ci-env/-/gitlab-ci-env-6.3.0.tgz",
      "integrity": "sha512-lFmkIoOcO+CbASSSsF/TPg3UNKbMPjT4WasDnTN5B4BUd36Y+x8mdNX0dxEHb6TUHNK1KFgDPOs/8hQOhpedxQ=="
    }
  }
}
